{
  "name": "overlays.sg-scripts",
  "version": "1.0.0",
  "lockfileVersion": 1,
  "dependencies": {
    "@mapbox/geojson-area": {
      "version": "0.2.2",
      "resolved": "https://registry.npmjs.org/@mapbox/geojson-area/-/geojson-area-0.2.2.tgz",
      "integrity": "sha1-GNeBSqNr8j+7zDefjiaiKSfevxA="
    },
    "@turf/along": {
      "version": "4.5.2",
      "resolved": "https://registry.npmjs.org/@turf/along/-/along-4.5.2.tgz",
      "integrity": "sha1-w+IY9faulMt4rJ+x3+N0mCtyR04="
    },
    "@turf/area": {
      "version": "4.5.2",
      "resolved": "https://registry.npmjs.org/@turf/area/-/area-4.5.2.tgz",
      "integrity": "sha1-4K+tDLIKrMajWfLNXfs2VLdxtzU="
    },
    "@turf/bbox": {
      "version": "4.5.2",
      "resolved": "https://registry.npmjs.org/@turf/bbox/-/bbox-4.5.2.tgz",
      "integrity": "sha1-GmxufQ6gOybLwU1G5t9AiuPd+Ho="
    },
    "@turf/bbox-clip": {
      "version": "4.5.2",
      "resolved": "https://registry.npmjs.org/@turf/bbox-clip/-/bbox-clip-4.5.2.tgz",
      "integrity": "sha1-Xaiefx1o434HSOnLvqBDtL9TcOs="
    },
    "@turf/bbox-polygon": {
      "version": "4.5.2",
      "resolved": "https://registry.npmjs.org/@turf/bbox-polygon/-/bbox-polygon-4.5.2.tgz",
      "integrity": "sha1-woujgDlLohhxE0Wv6moywg/4d14="
    },
    "@turf/bearing": {
      "version": "4.5.2",
      "resolved": "https://registry.npmjs.org/@turf/bearing/-/bearing-4.5.2.tgz",
      "integrity": "sha1-udpsfv5Pr4GFLtij3jxsstORD+c="
    },
    "@turf/bezier": {
      "version": "4.5.2",
      "resolved": "https://registry.npmjs.org/@turf/bezier/-/bezier-4.5.2.tgz",
      "integrity": "sha1-H34Jp3JIHbn1Cuo5ZYZleyfL/jM="
    },
    "@turf/boolean-clockwise": {
      "version": "4.5.2",
      "resolved": "https://registry.npmjs.org/@turf/boolean-clockwise/-/boolean-clockwise-4.5.2.tgz",
      "integrity": "sha1-UXjJx3ypX4pKQtNSdK2+pgohyys="
    },
    "@turf/boolean-contains": {
      "version": "4.5.2",
      "resolved": "https://registry.npmjs.org/@turf/boolean-contains/-/boolean-contains-4.5.2.tgz",
      "integrity": "sha1-VGFqNcG/+ZlABSIJVLXlj3Ni9/w="
    },
    "@turf/boolean-crosses": {
      "version": "4.5.2",
      "resolved": "https://registry.npmjs.org/@turf/boolean-crosses/-/boolean-crosses-4.5.2.tgz",
      "integrity": "sha1-g/tRm7SofmmkRdoc9ifFDEt+wvU="
    },
    "@turf/boolean-disjoint": {
      "version": "4.5.2",
      "resolved": "https://registry.npmjs.org/@turf/boolean-disjoint/-/boolean-disjoint-4.5.2.tgz",
      "integrity": "sha1-O0Af76H2kG+oGromH9qxIAznM8k="
    },
    "@turf/buffer": {
      "version": "4.5.2",
      "resolved": "https://registry.npmjs.org/@turf/buffer/-/buffer-4.5.2.tgz",
      "integrity": "sha1-TBlRTRV+QYHSFwvLyLYDQRqZE2M="
    },
    "@turf/center": {
      "version": "4.5.2",
      "resolved": "https://registry.npmjs.org/@turf/center/-/center-4.5.2.tgz",
      "integrity": "sha1-8iBuP4UGDPUPXT+7JEecFcE0+VY="
    },
    "@turf/center-of-mass": {
      "version": "4.5.2",
      "resolved": "https://registry.npmjs.org/@turf/center-of-mass/-/center-of-mass-4.5.2.tgz",
      "integrity": "sha1-6q2Wpzc56psym9DUJ16UWsHDG6g="
    },
    "@turf/centroid": {
      "version": "4.5.2",
      "resolved": "https://registry.npmjs.org/@turf/centroid/-/centroid-4.5.2.tgz",
      "integrity": "sha1-NjfuEx1tmE5ifLt5ITq2PdC9bBQ="
    },
    "@turf/circle": {
      "version": "4.5.2",
      "resolved": "https://registry.npmjs.org/@turf/circle/-/circle-4.5.2.tgz",
      "integrity": "sha1-1b0bGBYrk+27dKEncIgYSHOH9Cw="
    },
    "@turf/clone": {
      "version": "4.5.2",
      "resolved": "https://registry.npmjs.org/@turf/clone/-/clone-4.5.2.tgz",
      "integrity": "sha1-OX07FzvrDGcTem7NjCMqJMdWExY="
    },
    "@turf/collect": {
      "version": "4.5.2",
      "resolved": "https://registry.npmjs.org/@turf/collect/-/collect-4.5.2.tgz",
      "integrity": "sha1-5W6NSgv6Ww91hGBoFW5VsF/fwPo="
    },
    "@turf/combine": {
      "version": "4.5.2",
      "resolved": "https://registry.npmjs.org/@turf/combine/-/combine-4.5.2.tgz",
      "integrity": "sha1-wG428QLQPW7JZq2AMg8Z5+NNTek="
    },
    "@turf/concave": {
      "version": "4.5.2",
      "resolved": "https://registry.npmjs.org/@turf/concave/-/concave-4.5.2.tgz",
      "integrity": "sha1-7ngG7ur4uTq0fKYtSU0GJ3GI8IY="
    },
    "@turf/convex": {
      "version": "4.5.2",
      "resolved": "https://registry.npmjs.org/@turf/convex/-/convex-4.5.2.tgz",
      "integrity": "sha1-jp/oPWWToZUyycQNsp3IUl8j7z4="
    },
    "@turf/destination": {
      "version": "4.5.2",
      "resolved": "https://registry.npmjs.org/@turf/destination/-/destination-4.5.2.tgz",
      "integrity": "sha1-7Lq/SzfVyU3FBnzjly0nLTxTVW0="
    },
    "@turf/difference": {
      "version": "4.5.2",
      "resolved": "https://registry.npmjs.org/@turf/difference/-/difference-4.5.2.tgz",
      "integrity": "sha1-J2ISA2aOFesRbqNwNeZYe+aMH4I="
    },
    "@turf/dissolve": {
      "version": "4.5.2",
      "resolved": "https://registry.npmjs.org/@turf/dissolve/-/dissolve-4.5.2.tgz",
      "integrity": "sha1-YpM7nbWJHFZlu9WP2h6QaIHWqms="
    },
    "@turf/distance": {
      "version": "4.5.2",
      "resolved": "https://registry.npmjs.org/@turf/distance/-/distance-4.5.2.tgz",
      "integrity": "sha1-r8NSxEqG5uHuaYmTIZkquUGQGoo="
    },
    "@turf/envelope": {
      "version": "4.5.2",
      "resolved": "https://registry.npmjs.org/@turf/envelope/-/envelope-4.5.2.tgz",
      "integrity": "sha1-VWMuK44U7BSbOy8KKhHEw1pc/IQ="
    },
    "@turf/explode": {
      "version": "4.5.2",
      "resolved": "https://registry.npmjs.org/@turf/explode/-/explode-4.5.2.tgz",
      "integrity": "sha1-/X7d9+y8FTLWKVgjwpuu+Ng7DAI="
    },
    "@turf/flatten": {
      "version": "4.5.2",
      "resolved": "https://registry.npmjs.org/@turf/flatten/-/flatten-4.5.2.tgz",
      "integrity": "sha1-6T22c2+09LeshhJIcXJq8j7T3Iw="
    },
    "@turf/flip": {
      "version": "4.5.2",
      "resolved": "https://registry.npmjs.org/@turf/flip/-/flip-4.5.2.tgz",
      "integrity": "sha1-TObqyKxiKHSP/PssYoNsyyMJQSk="
    },
    "@turf/great-circle": {
      "version": "4.5.2",
      "resolved": "https://registry.npmjs.org/@turf/great-circle/-/great-circle-4.5.2.tgz",
      "integrity": "sha1-DnNucgolJb+ZJWjYtxeiloI8xns="
    },
    "@turf/helpers": {
      "version": "4.5.2",
      "resolved": "https://registry.npmjs.org/@turf/helpers/-/helpers-4.5.2.tgz",
      "integrity": "sha1-b8Z3KnswHyd7SXMpJcNUx/uF0d8="
    },
    "@turf/hex-grid": {
      "version": "4.5.2",
      "resolved": "https://registry.npmjs.org/@turf/hex-grid/-/hex-grid-4.5.2.tgz",
      "integrity": "sha1-Opa6aWK5busz1NpLqo7nNfEiGt4="
    },
    "@turf/idw": {
      "version": "4.5.2",
      "resolved": "https://registry.npmjs.org/@turf/idw/-/idw-4.5.2.tgz",
      "integrity": "sha1-K7Tumy+6HaNTfc7i04F/eE3ljaI="
    },
    "@turf/inside": {
      "version": "4.5.2",
      "resolved": "https://registry.npmjs.org/@turf/inside/-/inside-4.5.2.tgz",
      "integrity": "sha1-mCPBtMLv5TaeI8vywPomYbuwbiU="
    },
    "@turf/intersect": {
      "version": "4.5.2",
      "resolved": "https://registry.npmjs.org/@turf/intersect/-/intersect-4.5.2.tgz",
      "integrity": "sha1-j+SSzSHs+zGnkFRRf8V0hxJgUgA="
    },
    "@turf/invariant": {
      "version": "4.5.2",
      "resolved": "https://registry.npmjs.org/@turf/invariant/-/invariant-4.5.2.tgz",
      "integrity": "sha1-BkLuHmvKUxvj9vkpLVkBVfL7lgQ="
    },
    "@turf/isobands": {
      "version": "4.5.2",
      "resolved": "https://registry.npmjs.org/@turf/isobands/-/isobands-4.5.2.tgz",
      "integrity": "sha1-p9/R0QnEpO3wSTAT2jYOEMdfwpI=",
      "dependencies": {
        "@turf/area": {
          "version": "3.14.0",
          "resolved": "https://registry.npmjs.org/@turf/area/-/area-3.14.0.tgz",
          "integrity": "sha1-8xl+1OlxDQLNi71VGyXEdv5H6Js="
        },
        "@turf/bbox": {
          "version": "3.14.0",
          "resolved": "https://registry.npmjs.org/@turf/bbox/-/bbox-3.14.0.tgz",
          "integrity": "sha1-zuXzlt3nisqc7eBeESLbGLxQRjU="
        },
        "@turf/explode": {
          "version": "3.14.0",
          "resolved": "https://registry.npmjs.org/@turf/explode/-/explode-3.14.0.tgz",
          "integrity": "sha1-8sweRqOXANVgJGbM1Q9ZpSNBuSw="
        },
        "@turf/helpers": {
          "version": "3.13.0",
          "resolved": "https://registry.npmjs.org/@turf/helpers/-/helpers-3.13.0.tgz",
          "integrity": "sha1-0GB4oUZM9WzbfqYk6h4TpxuIuAY="
        },
        "@turf/inside": {
          "version": "3.14.0",
          "resolved": "https://registry.npmjs.org/@turf/inside/-/inside-3.14.0.tgz",
          "integrity": "sha1-1ravVYgsvbj5pVjcqYaJxnvTxZA="
        },
        "@turf/invariant": {
          "version": "3.13.0",
          "resolved": "https://registry.npmjs.org/@turf/invariant/-/invariant-3.13.0.tgz",
          "integrity": "sha1-iSQzCM1WMgboHlxhYuDSL2GCL5A="
        },
        "@turf/meta": {
          "version": "3.14.0",
          "resolved": "https://registry.npmjs.org/@turf/meta/-/meta-3.14.0.tgz",
          "integrity": "sha1-jTBQwaD0S/QGpjO2vSjFEPe87ic="
        }
      }
    },
    "@turf/isolines": {
      "version": "4.5.2",
      "resolved": "https://registry.npmjs.org/@turf/isolines/-/isolines-4.5.2.tgz",
      "integrity": "sha1-AXZzKJGfdD+YFwk3AXk/b168qfA="
    },
    "@turf/kinks": {
      "version": "4.5.2",
      "resolved": "https://registry.npmjs.org/@turf/kinks/-/kinks-4.5.2.tgz",
      "integrity": "sha1-3fzK/1YNzMzzKqbkgLlF9S9r4yA="
    },
    "@turf/line-arc": {
      "version": "4.5.2",
      "resolved": "https://registry.npmjs.org/@turf/line-arc/-/line-arc-4.5.2.tgz",
      "integrity": "sha1-VZPzQzBcbY1sH8gevpthsXPGc4w="
    },
    "@turf/line-chunk": {
      "version": "4.5.2",
      "resolved": "https://registry.npmjs.org/@turf/line-chunk/-/line-chunk-4.5.2.tgz",
      "integrity": "sha1-FkmqbX+LvHG5youSr6lg8f3RjBs="
    },
    "@turf/line-distance": {
      "version": "4.5.2",
      "resolved": "https://registry.npmjs.org/@turf/line-distance/-/line-distance-4.5.2.tgz",
      "integrity": "sha1-gzltRKcBYwH4s0IUTodFDo3Bujo="
    },
    "@turf/line-intersect": {
      "version": "4.5.2",
      "resolved": "https://registry.npmjs.org/@turf/line-intersect/-/line-intersect-4.5.2.tgz",
      "integrity": "sha1-wqU93CmZeOXXiIHJfxJzocTgmsc="
    },
    "@turf/line-offset": {
      "version": "4.5.2",
      "resolved": "https://registry.npmjs.org/@turf/line-offset/-/line-offset-4.5.2.tgz",
      "integrity": "sha1-kuzr4/3keIT8Fm7K0irepHDv6a0="
    },
    "@turf/line-overlap": {
      "version": "4.5.2",
      "resolved": "https://registry.npmjs.org/@turf/line-overlap/-/line-overlap-4.5.2.tgz",
      "integrity": "sha1-Kjuioeqd6Lprrm5XOMbaXxiOjY8="
    },
    "@turf/line-segment": {
      "version": "4.5.2",
      "resolved": "https://registry.npmjs.org/@turf/line-segment/-/line-segment-4.5.2.tgz",
      "integrity": "sha1-C8dr73a7CEnRrAASLVTxhmoo4NQ="
    },
    "@turf/line-slice": {
      "version": "4.5.2",
      "resolved": "https://registry.npmjs.org/@turf/line-slice/-/line-slice-4.5.2.tgz",
      "integrity": "sha1-7mg1I4N0iKRS7axsjG+52avNKA4="
    },
    "@turf/line-slice-along": {
      "version": "4.5.2",
      "resolved": "https://registry.npmjs.org/@turf/line-slice-along/-/line-slice-along-4.5.2.tgz",
      "integrity": "sha1-JpnNAdPdpXwbJSji1h8KGnZSaOE="
    },
    "@turf/line-split": {
      "version": "4.5.2",
      "resolved": "https://registry.npmjs.org/@turf/line-split/-/line-split-4.5.2.tgz",
      "integrity": "sha1-ysPwt/0H4/ccaIhfVBKUyri/Okc="
    },
    "@turf/linestring-to-polygon": {
      "version": "4.5.2",
      "resolved": "https://registry.npmjs.org/@turf/linestring-to-polygon/-/linestring-to-polygon-4.5.2.tgz",
      "integrity": "sha1-9WZXboVUc+IuN+1aBUAFLsrWZDE="
    },
    "@turf/mask": {
      "version": "4.5.2",
      "resolved": "https://registry.npmjs.org/@turf/mask/-/mask-4.5.2.tgz",
      "integrity": "sha1-DciDkzRz/AiIfa1dbixKl6UtS0Q="
    },
    "@turf/meta": {
      "version": "4.5.2",
      "resolved": "https://registry.npmjs.org/@turf/meta/-/meta-4.5.2.tgz",
      "integrity": "sha1-hFD8RC0qWUlCUaWlKuUgAX4tzw0="
    },
    "@turf/midpoint": {
      "version": "4.5.2",
      "resolved": "https://registry.npmjs.org/@turf/midpoint/-/midpoint-4.5.2.tgz",
      "integrity": "sha1-xhBAJ2HjjOT04WLfptMHsGOOrEo="
    },
    "@turf/nearest": {
      "version": "4.5.2",
      "resolved": "https://registry.npmjs.org/@turf/nearest/-/nearest-4.5.2.tgz",
      "integrity": "sha1-nHvcwhyLujI8rXZ+mOSXoIKdRlw="
    },
    "@turf/planepoint": {
      "version": "4.5.2",
      "resolved": "https://registry.npmjs.org/@turf/planepoint/-/planepoint-4.5.2.tgz",
      "integrity": "sha1-DwiUX+SRMkf69Wxp6ScY6uvdLPk="
    },
    "@turf/point-grid": {
      "version": "4.5.2",
      "resolved": "https://registry.npmjs.org/@turf/point-grid/-/point-grid-4.5.2.tgz",
      "integrity": "sha1-eo7ZSbSszcT9oFJ7S2Ib9S80sIY="
    },
    "@turf/point-on-line": {
      "version": "4.5.2",
      "resolved": "https://registry.npmjs.org/@turf/point-on-line/-/point-on-line-4.5.2.tgz",
      "integrity": "sha1-tZ74fRHewMMPsIVpNDJZf+7EnWU="
    },
    "@turf/point-on-surface": {
      "version": "4.5.2",
      "resolved": "https://registry.npmjs.org/@turf/point-on-surface/-/point-on-surface-4.5.2.tgz",
      "integrity": "sha1-EsykLrllhtfvMr0lSc0/YlgjAzc="
    },
    "@turf/polygon-tangents": {
      "version": "4.5.2",
      "resolved": "https://registry.npmjs.org/@turf/polygon-tangents/-/polygon-tangents-4.5.2.tgz",
      "integrity": "sha1-asstI/BWQ8I/qt8djzV7BvRVUhM="
    },
    "@turf/polygon-to-linestring": {
      "version": "4.5.2",
      "resolved": "https://registry.npmjs.org/@turf/polygon-to-linestring/-/polygon-to-linestring-4.5.2.tgz",
      "integrity": "sha1-wBpHxcu0d5MDY5N3iKFJIo0pYgE="
    },
    "@turf/polygonize": {
      "version": "4.5.2",
      "resolved": "https://registry.npmjs.org/@turf/polygonize/-/polygonize-4.5.2.tgz",
      "integrity": "sha1-Z0y1ZqoVMP5mDMnJXuQeFf0+rZQ="
    },
    "@turf/random": {
      "version": "4.5.2",
      "resolved": "https://registry.npmjs.org/@turf/random/-/random-4.5.2.tgz",
      "integrity": "sha1-llNTaRzWQmHDQctNwHHGGLjwXlE="
    },
    "@turf/rewind": {
      "version": "4.5.2",
      "resolved": "https://registry.npmjs.org/@turf/rewind/-/rewind-4.5.2.tgz",
      "integrity": "sha1-8aXtUhfPulSpvM09KD4FTybGnKc="
    },
    "@turf/rhumb-bearing": {
      "version": "4.5.2",
      "resolved": "https://registry.npmjs.org/@turf/rhumb-bearing/-/rhumb-bearing-4.5.2.tgz",
      "integrity": "sha1-i3SZrDg66xRnWSd9FCJegcRacJM="
    },
    "@turf/rhumb-destination": {
      "version": "4.5.2",
      "resolved": "https://registry.npmjs.org/@turf/rhumb-destination/-/rhumb-destination-4.5.2.tgz",
      "integrity": "sha1-xUJBsaKNHd2K/S5Qt/4fMHyXuWw="
    },
    "@turf/rhumb-distance": {
      "version": "4.5.2",
      "resolved": "https://registry.npmjs.org/@turf/rhumb-distance/-/rhumb-distance-4.5.2.tgz",
      "integrity": "sha1-+MoOqWfURYIzceZ1t0iG9sOXF+c="
    },
    "@turf/sample": {
      "version": "4.5.2",
      "resolved": "https://registry.npmjs.org/@turf/sample/-/sample-4.5.2.tgz",
      "integrity": "sha1-HwQz8JUA8TT28FrO3ux8I7tTMio="
    },
    "@turf/sector": {
      "version": "4.5.2",
      "resolved": "https://registry.npmjs.org/@turf/sector/-/sector-4.5.2.tgz",
      "integrity": "sha1-ejGqKFFmHKBYdJveefstPr+eMto="
    },
    "@turf/simplify": {
      "version": "4.5.2",
      "resolved": "https://registry.npmjs.org/@turf/simplify/-/simplify-4.5.2.tgz",
      "integrity": "sha1-DNdmu6N80Or3RfRST1KVaFjg/kc="
    },
    "@turf/square": {
      "version": "4.5.2",
      "resolved": "https://registry.npmjs.org/@turf/square/-/square-4.5.2.tgz",
      "integrity": "sha1-kvfGJ1QVza1PLqWs2Cwq5G3VoHA="
    },
    "@turf/square-grid": {
      "version": "4.5.2",
      "resolved": "https://registry.npmjs.org/@turf/square-grid/-/square-grid-4.5.2.tgz",
      "integrity": "sha1-lkfAGTOgIbr8WFHOS7+Shk0mkOE="
    },
    "@turf/tag": {
      "version": "4.5.2",
      "resolved": "https://registry.npmjs.org/@turf/tag/-/tag-4.5.2.tgz",
      "integrity": "sha1-MdAQ1zbUfhh+ikwm+HkOtrKVGTA="
    },
    "@turf/tesselate": {
      "version": "4.5.2",
      "resolved": "https://registry.npmjs.org/@turf/tesselate/-/tesselate-4.5.2.tgz",
      "integrity": "sha1-cx0HNSFeoAMXY/4Pvo82UETWQeE="
    },
    "@turf/tin": {
      "version": "4.5.2",
      "resolved": "https://registry.npmjs.org/@turf/tin/-/tin-4.5.2.tgz",
      "integrity": "sha1-z9cKfa1dF9kgJyCZxlUdo+sfbIM="
    },
    "@turf/transform-rotate": {
      "version": "4.5.2",
      "resolved": "https://registry.npmjs.org/@turf/transform-rotate/-/transform-rotate-4.5.2.tgz",
      "integrity": "sha1-gi/I7SKmxJEj69p3oMGd9taM2KI="
    },
    "@turf/transform-scale": {
      "version": "4.5.2",
      "resolved": "https://registry.npmjs.org/@turf/transform-scale/-/transform-scale-4.5.2.tgz",
      "integrity": "sha1-ettBuq/EiA7nIqYspDr7WSOJlvk="
    },
    "@turf/transform-translate": {
      "version": "4.5.2",
      "resolved": "https://registry.npmjs.org/@turf/transform-translate/-/transform-translate-4.5.2.tgz",
      "integrity": "sha1-mw8TsQDJNFeHeOwwWBva7naCuro="
    },
    "@turf/triangle-grid": {
      "version": "4.5.2",
      "resolved": "https://registry.npmjs.org/@turf/triangle-grid/-/triangle-grid-4.5.2.tgz",
      "integrity": "sha1-1mZtI9YxxflyqiPip+GrCkBEcZ8="
    },
    "@turf/truncate": {
      "version": "4.5.2",
      "resolved": "https://registry.npmjs.org/@turf/truncate/-/truncate-4.5.2.tgz",
      "integrity": "sha1-gIDElmhUR4dwNFpBGy7XN60l6/M="
    },
    "@turf/turf": {
      "version": "4.5.2",
      "resolved": "https://registry.npmjs.org/@turf/turf/-/turf-4.5.2.tgz",
      "integrity": "sha1-wRwaYtos1PiPBtUYP02ass5UsFY="
    },
    "@turf/union": {
      "version": "4.5.2",
      "resolved": "https://registry.npmjs.org/@turf/union/-/union-4.5.2.tgz",
      "integrity": "sha1-pTJKJrESxAM3kQE+D8Nm7AsR71Y="
    },
    "@turf/unkink-polygon": {
      "version": "4.5.2",
      "resolved": "https://registry.npmjs.org/@turf/unkink-polygon/-/unkink-polygon-4.5.2.tgz",
      "integrity": "sha1-ZeN1GlrQNM9El7+OzSxUKxSqBRc="
    },
    "@turf/within": {
      "version": "4.5.2",
      "resolved": "https://registry.npmjs.org/@turf/within/-/within-4.5.2.tgz",
      "integrity": "sha1-Lnkqahn6wD4w5MoT0NTabXEOJxk="
    },
    "affine-hull": {
      "version": "1.0.0",
      "resolved": "https://registry.npmjs.org/affine-hull/-/affine-hull-1.0.0.tgz",
      "integrity": "sha1-dj/x040GPOt+Jy8X7k17vK+QXF0="
    },
    "bit-twiddle": {
      "version": "1.0.2",
      "resolved": "https://registry.npmjs.org/bit-twiddle/-/bit-twiddle-1.0.2.tgz",
      "integrity": "sha1-DGwfq+KyPRcXPZpht7cJPrnhdp4="
    },
    "convex-hull": {
      "version": "1.0.3",
      "resolved": "https://registry.npmjs.org/convex-hull/-/convex-hull-1.0.3.tgz",
      "integrity": "sha1-IKOqbOh/St6i/30XlxyfwcZ+H/8="
    },
    "d3-array": {
      "version": "1.2.0",
      "resolved": "https://registry.npmjs.org/d3-array/-/d3-array-1.2.0.tgz",
      "integrity": "sha1-FH0mlyDhdMQFen9CvosPPyulMQg="
    },
    "d3-geo": {
      "version": "1.6.4",
      "resolved": "https://registry.npmjs.org/d3-geo/-/d3-geo-1.6.4.tgz",
      "integrity": "sha1-8g4eRhyxhF9ai+Vatvh2VCp+MZk="
    },
    "debug": {
      "version": "2.6.8",
      "resolved": "https://registry.npmjs.org/debug/-/debug-2.6.8.tgz",
      "integrity": "sha1-5zFTHKLt4n0YgiJCfaF4IdaP9Pw="
    },
    "deep-equal": {
      "version": "1.0.1",
      "resolved": "https://registry.npmjs.org/deep-equal/-/deep-equal-1.0.1.tgz",
      "integrity": "sha1-9dJgKStmDghO/0zbyfCK0yR0SLU="
    },
    "earcut": {
      "version": "2.1.1",
      "resolved": "https://registry.npmjs.org/earcut/-/earcut-2.1.1.tgz",
      "integrity": "sha1-FXY05fPrtCIk5HUBboalts5Va0U="
    },
    "geodesy": {
      "version": "1.1.1",
      "resolved": "https://registry.npmjs.org/geodesy/-/geodesy-1.1.1.tgz",
      "integrity": "sha1-kYxBSlzCR8gSgzK3YkBQxGfpil0="
    },
    "geojson-polygon-self-intersections": {
      "version": "1.1.2",
      "resolved": "https://registry.npmjs.org/geojson-polygon-self-intersections/-/geojson-polygon-self-intersections-1.1.2.tgz",
      "integrity": "sha1-vEnOO+IXUAWAKtbzwjHb3Xxld3s="
    },
    "geojson-random": {
      "version": "0.2.2",
      "resolved": "https://registry.npmjs.org/geojson-random/-/geojson-random-0.2.2.tgz",
      "integrity": "sha1-q0g48SatxeFvj5TmVd74IPkRnbw="
    },
    "geojson-rbush": {
      "version": "1.1.0",
      "resolved": "https://registry.npmjs.org/geojson-rbush/-/geojson-rbush-1.1.0.tgz",
      "integrity": "sha1-9sGsEvgDDIkNQQtrD965Kgs6wxg=",
      "dependencies": {
        "@turf/bbox": {
          "version": "3.14.0",
          "resolved": "https://registry.npmjs.org/@turf/bbox/-/bbox-3.14.0.tgz",
          "integrity": "sha1-zuXzlt3nisqc7eBeESLbGLxQRjU="
        },
        "@turf/helpers": {
          "version": "3.13.0",
          "resolved": "https://registry.npmjs.org/@turf/helpers/-/helpers-3.13.0.tgz",
          "integrity": "sha1-0GB4oUZM9WzbfqYk6h4TpxuIuAY="
        },
        "@turf/meta": {
          "version": "3.14.0",
          "resolved": "https://registry.npmjs.org/@turf/meta/-/meta-3.14.0.tgz",
          "integrity": "sha1-jTBQwaD0S/QGpjO2vSjFEPe87ic="
        }
      }
    },
    "geojson-utils": {
      "version": "1.1.0",
      "resolved": "https://registry.npmjs.org/geojson-utils/-/geojson-utils-1.1.0.tgz",
      "integrity": "sha1-6P+0yBwKdbPjBvUYcmXW8jBA9Qs="
    },
    "get-closest": {
      "version": "0.0.4",
      "resolved": "https://registry.npmjs.org/get-closest/-/get-closest-0.0.4.tgz",
      "integrity": "sha1-JprHdtHmAiqg/Vht1wjop9Miaa8="
    },
    "grid-to-matrix": {
      "version": "1.2.0",
      "resolved": "https://registry.npmjs.org/grid-to-matrix/-/grid-to-matrix-1.2.0.tgz",
      "integrity": "sha1-sBbfTXb5lua3RmPquc65E1RmV+k="
    },
    "incremental-convex-hull": {
      "version": "1.0.1",
      "resolved": "https://registry.npmjs.org/incremental-convex-hull/-/incremental-convex-hull-1.0.1.tgz",
      "integrity": "sha1-UUKMFMudmmFEv+abKFH7N3M0vh4="
    },
    "jsts": {
      "version": "1.3.0",
      "resolved": "https://registry.npmjs.org/jsts/-/jsts-1.3.0.tgz",
      "integrity": "sha1-6Tp2+XrJvafUYl2dZHDw1grIDkU="
    },
    "lineclip": {
      "version": "1.1.5",
      "resolved": "https://registry.npmjs.org/lineclip/-/lineclip-1.1.5.tgz",
      "integrity": "sha1-K/JgZ9lDVP6r+R5CdoI221YW/RM="
    },
    "marchingsquares": {
      "version": "1.2.0",
      "resolved": "https://registry.npmjs.org/marchingsquares/-/marchingsquares-1.2.0.tgz",
      "integrity": "sha1-Nq4tzBcL5XbUJXmqw8RtqJq2UOY="
    },
    "monotone-convex-hull-2d": {
      "version": "1.0.1",
      "resolved": "https://registry.npmjs.org/monotone-convex-hull-2d/-/monotone-convex-hull-2d-1.0.1.tgz",
      "integrity": "sha1-R/Xa6t88Sv03dkuqGqh4ekDu4Iw="
    },
    "ms": {
      "version": "2.0.0",
      "resolved": "https://registry.npmjs.org/ms/-/ms-2.0.0.tgz",
      "integrity": "sha1-VgiurfwAvmwpAd9fmGF4jeDVl8g="
    },
    "polygonize": {
      "version": "1.0.1",
      "resolved": "https://registry.npmjs.org/polygonize/-/polygonize-1.0.1.tgz",
      "integrity": "sha1-UftwQJFL4PvEOwvVTUIddfwq56Y="
    },
    "quickselect": {
      "version": "1.0.0",
      "resolved": "https://registry.npmjs.org/quickselect/-/quickselect-1.0.0.tgz",
      "integrity": "sha1-AmMIGPmq5OyrJvAQP5jQYcF8WPM="
    },
    "rbush": {
      "version": "2.0.1",
      "resolved": "https://registry.npmjs.org/rbush/-/rbush-2.0.1.tgz",
      "integrity": "sha1-TPrKKMMGS8DudUMaG3mZDode76k="
    },
    "robust-orientation": {
      "version": "1.1.3",
      "resolved": "https://registry.npmjs.org/robust-orientation/-/robust-orientation-1.1.3.tgz",
      "integrity": "sha1-2v9bANO+TmByLw6cAVbvln8cIEk="
    },
    "robust-scale": {
      "version": "1.0.2",
      "resolved": "https://registry.npmjs.org/robust-scale/-/robust-scale-1.0.2.tgz",
      "integrity": "sha1-d1Ey7QlULQKOWLLMecBikLz3jDI="
    },
    "robust-subtract": {
      "version": "1.0.0",
      "resolved": "https://registry.npmjs.org/robust-subtract/-/robust-subtract-1.0.0.tgz",
      "integrity": "sha1-4LFk4e2LpOOl3aRaEgODSNvtPpo="
    },
    "robust-sum": {
      "version": "1.0.0",
      "resolved": "https://registry.npmjs.org/robust-sum/-/robust-sum-1.0.0.tgz",
      "integrity": "sha1-FmRuUlKStNJdgnV6KGlV4Lv6U9k="
    },
    "simplepolygon": {
      "version": "1.1.7",
      "resolved": "https://registry.npmjs.org/simplepolygon/-/simplepolygon-1.1.7.tgz",
      "integrity": "sha1-9wmQ9Jr1A8Pyj+t5suPCHbuDjoY=",
      "dependencies": {
        "@turf/area": {
          "version": "3.14.0",
          "resolved": "https://registry.npmjs.org/@turf/area/-/area-3.14.0.tgz",
          "integrity": "sha1-8xl+1OlxDQLNi71VGyXEdv5H6Js="
        },
        "@turf/helpers": {
          "version": "3.13.0",
          "resolved": "https://registry.npmjs.org/@turf/helpers/-/helpers-3.13.0.tgz",
          "integrity": "sha1-0GB4oUZM9WzbfqYk6h4TpxuIuAY="
        },
        "@turf/inside": {
          "version": "3.14.0",
          "resolved": "https://registry.npmjs.org/@turf/inside/-/inside-3.14.0.tgz",
          "integrity": "sha1-1ravVYgsvbj5pVjcqYaJxnvTxZA="
        },
        "@turf/invariant": {
          "version": "3.13.0",
          "resolved": "https://registry.npmjs.org/@turf/invariant/-/invariant-3.13.0.tgz",
          "integrity": "sha1-iSQzCM1WMgboHlxhYuDSL2GCL5A="
        },
        "@turf/meta": {
          "version": "3.14.0",
          "resolved": "https://registry.npmjs.org/@turf/meta/-/meta-3.14.0.tgz",
          "integrity": "sha1-jTBQwaD0S/QGpjO2vSjFEPe87ic="
        },
        "@turf/within": {
          "version": "3.14.0",
          "resolved": "https://registry.npmjs.org/@turf/within/-/within-3.14.0.tgz",
          "integrity": "sha1-iRpXgyPCkrl5ImkDLddIcODhTFM="
        }
      }
    },
    "simplicial-complex": {
      "version": "1.0.0",
      "resolved": "https://registry.npmjs.org/simplicial-complex/-/simplicial-complex-1.0.0.tgz",
      "integrity": "sha1-bDOk7Wn81Nkbe8rdOzC2NoPq4kE="
    },
    "simplify-js": {
      "version": "1.2.1",
      "resolved": "https://registry.npmjs.org/simplify-js/-/simplify-js-1.2.1.tgz",
      "integrity": "sha1-+iFrQEVPSBdUUOD+ob0earOfy8A="
    },
    "turf-is-clockwise": {
      "version": "1.0.0",
      "resolved": "https://registry.npmjs.org/turf-is-clockwise/-/turf-is-clockwise-1.0.0.tgz",
      "integrity": "sha1-3CLl/9TPEJNGg6oARifP+Hpt/pE="
    },
    "turf-overlaps": {
      "version": "1.0.3",
      "resolved": "https://registry.npmjs.org/turf-overlaps/-/turf-overlaps-1.0.3.tgz",
      "integrity": "sha1-RxHJFGaFOvA7POliWFrsqfwjJfU="
    },
    "two-product": {
      "version": "1.0.2",
      "resolved": "https://registry.npmjs.org/two-product/-/two-product-1.0.2.tgz",
      "integrity": "sha1-Z9ldSyV6kh4stL16+VEfkIhSLqo="
    },
    "two-sum": {
      "version": "1.0.0",
      "resolved": "https://registry.npmjs.org/two-sum/-/two-sum-1.0.0.tgz",
      "integrity": "sha1-MdPzIjnk9zHsqd+RVeKyl/AIq2Q="
    },
    "union-find": {
      "version": "1.0.2",
      "resolved": "https://registry.npmjs.org/union-find/-/union-find-1.0.2.tgz",
      "integrity": "sha1-KSusQV5q06iVNdI3AQ20pTYoTlg="
    },
    "wgs84": {
      "version": "0.0.0",
      "resolved": "https://registry.npmjs.org/wgs84/-/wgs84-0.0.0.tgz",
      "integrity": "sha1-NP3FVZF7blfPKigu0ENxDASc3HY="
    }
  }
}
